
Microsoft Visual Studio Solution File, Format Version 12.00
# Visual Studio Version 17
VisualStudioVersion = 17.0.31903.59
MinimumVisualStudioVersion = 10.0.40219.1
Project("{2150E333-8FDC-42A3-9474-1A3956D46DE8}") = "src", "src", "{827E0CD3-B72D-47B6-A68D-7590B98EB39B}"
EndProject
Project("{2150E333-8FDC-42A3-9474-1A3956D46DE8}") = "BuildingBlocks", "BuildingBlocks", "{90298CBA-BD6F-3A0A-69D5-97CAD7B05E7E}"
EndProject
Project("{FAE04EC0-301F-11D3-BF4B-00C04F79EFBC}") = "AgroSolutions.Common", "src\BuildingBlocks\AgroSolutions.Common\AgroSolutions.Common.csproj", "{6D04100C-8694-4440-AC91-4DE5B5498206}"
EndProject
Project("{FAE04EC0-301F-11D3-BF4B-00C04F79EFBC}") = "AgroSolutions.EventBus.RabbitMQ", "src\BuildingBlocks\AgroSolutions.EventBus.RabbitMQ\AgroSolutions.EventBus.RabbitMQ.csproj", "{E553D54F-7E11-44A5-991C-E31DE812447E}"
EndProject
Project("{2150E333-8FDC-42A3-9474-1A3956D46DE8}") = "Services", "Services", "{984BB9B3-3FA3-BE33-9484-CAC21695A33C}"
EndProject
Project("{2150E333-8FDC-42A3-9474-1A3956D46DE8}") = "Identity", "Identity", "{1BFC9479-12BF-35C3-06B8-42D89D95092B}"
EndProject
Project("{FAE04EC0-301F-11D3-BF4B-00C04F79EFBC}") = "AgroSolutions.Identity.API", "src\Services\Identity\AgroSolutions.Identity.API\AgroSolutions.Identity.API.csproj", "{C6A82A5B-A3F4-44DE-B5B8-6AB576E5D7A9}"
EndProject
Project("{FAE04EC0-301F-11D3-BF4B-00C04F79EFBC}") = "AgroSolutions.Identity.Domain", "src\Services\Identity\AgroSolutions.Identity.Domain\AgroSolutions.Identity.Domain.csproj", "{24AA2AD0-4618-4412-B170-0C43768972C0}"
EndProject
Project("{FAE04EC0-301F-11D3-BF4B-00C04F79EFBC}") = "AgroSolutions.Identity.Infrastructure", "src\Services\Identity\AgroSolutions.Identity.Infrastructure\AgroSolutions.Identity.Infrastructure.csproj", "{6C3F5B8D-2E3B-4AFE-8EF6-3324442CA20E}"
EndProject
Project("{2150E333-8FDC-42A3-9474-1A3956D46DE8}") = "Property", "Property", "{FFEC2FCF-C47D-453C-630A-67CF8E959032}"
EndProject
Project("{FAE04EC0-301F-11D3-BF4B-00C04F79EFBC}") = "AgroSolutions.Property.API", "src\Services\Property\AgroSolutions.Property.API\AgroSolutions.Property.API.csproj", "{DE28C2E9-C1E6-405B-B9C7-0627D493E324}"
EndProject
Project("{FAE04EC0-301F-11D3-BF4B-00C04F79EFBC}") = "AgroSolutions.Property.Domain", "src\Services\Property\AgroSolutions.Property.Domain\AgroSolutions.Property.Domain.csproj", "{C92B33D8-0C07-455B-80F0-D4D5075CA9E8}"
EndProject
Project("{FAE04EC0-301F-11D3-BF4B-00C04F79EFBC}") = "AgroSolutions.Property.Infrastructure", "src\Services\Property\AgroSolutions.Property.Infrastructure\AgroSolutions.Property.Infrastructure.csproj", "{2CC6F658-E2BB-4347-9EA1-9A0788D3B6FE}"
EndProject
Project("{2150E333-8FDC-42A3-9474-1A3956D46DE8}") = "DataIngestion", "DataIngestion", "{4512AC83-7080-6629-2C6B-6B21B1E41623}"
EndProject
Project("{FAE04EC0-301F-11D3-BF4B-00C04F79EFBC}") = "AgroSolutions.DataIngestion.API", "src\Services\DataIngestion\AgroSolutions.DataIngestion.API\AgroSolutions.DataIngestion.API.csproj", "{451FF6C9-40E9-400C-BE7A-606927CEF597}"
EndProject
Project("{FAE04EC0-301F-11D3-BF4B-00C04F79EFBC}") = "AgroSolutions.DataIngestion.Domain", "src\Services\DataIngestion\AgroSolutions.DataIngestion.Domain\AgroSolutions.DataIngestion.Domain.csproj", "{4A62F769-DEEF-4F51-A603-1C2691650C1C}"
EndProject
Project("{FAE04EC0-301F-11D3-BF4B-00C04F79EFBC}") = "AgroSolutions.DataIngestion.Infrastructure", "src\Services\DataIngestion\AgroSolutions.DataIngestion.Infrastructure\AgroSolutions.DataIngestion.Infrastructure.csproj", "{1BDE8672-AF23-44C6-B76E-57C8494AEBA7}"
EndProject
Project("{2150E333-8FDC-42A3-9474-1A3956D46DE8}") = "Alert", "Alert", "{507033E2-30B5-6065-8855-1D7ECC4CD09A}"
EndProject
Project("{FAE04EC0-301F-11D3-BF4B-00C04F79EFBC}") = "AgroSolutions.Alert.Worker", "src\Services\Alert\AgroSolutions.Alert.Worker\AgroSolutions.Alert.Worker.csproj", "{EEBF005F-BB7A-4CF5-B733-7D0B1DD7FC1E}"
EndProject
Project("{FAE04EC0-301F-11D3-BF4B-00C04F79EFBC}") = "AgroSolutions.Alert.Domain", "src\Services\Alert\AgroSolutions.Alert.Domain\AgroSolutions.Alert.Domain.csproj", "{F443E48E-A161-4E5A-8DE8-FBCC2A457F4E}"
EndProject
Project("{FAE04EC0-301F-11D3-BF4B-00C04F79EFBC}") = "AgroSolutions.Alert.Infrastructure", "src\Services\Alert\AgroSolutions.Alert.Infrastructure\AgroSolutions.Alert.Infrastructure.csproj", "{77A5D3AB-3DE4-43E9-A5F0-B8CD87395DD0}"
EndProject
Project("{2150E333-8FDC-42A3-9474-1A3956D46DE8}") = "ApiGateway", "ApiGateway", "{A1B2C3D4-E5F6-7890-ABCD-EF1234567890}"
EndProject
Project("{FAE04EC0-301F-11D3-BF4B-00C04F79EFBC}") = "AgroSolutions.Gateway", "src\ApiGateway\AgroSolutions.Gateway\AgroSolutions.Gateway.csproj", "{4B386E74-EDB7-428A-AB64-90EDBC2F1600}"
EndProject
Project("{2150E333-8FDC-42A3-9474-1A3956D46DE8}") = "Simulator", "Simulator", "{B2C3D4E5-F6A7-8901-BCDE-F12345678901}"
EndProject
Project("{FAE04EC0-301F-11D3-BF4B-00C04F79EFBC}") = "AgroSolutions.SensorSimulator", "src\Simulator\AgroSolutions.SensorSimulator\AgroSolutions.SensorSimulator.csproj", "{E3257736-77D0-440D-9E95-F948CE24CF9A}"
EndProject
Project("{2150E333-8FDC-42A3-9474-1A3956D46DE8}") = "tests", "tests", "{C3D4E5F6-A7B8-9012-CDEF-123456789012}"
EndProject
Project("{FAE04EC0-301F-11D3-BF4B-00C04F79EFBC}") = "AgroSolutions.UnitTests", "tests\AgroSolutions.UnitTests\AgroSolutions.UnitTests.csproj", "{F23B4ED8-35F3-4782-BF70-7C07716F20C9}"
EndProject
Global
	GlobalSection(SolutionConfigurationPlatforms) = preSolution
		Debug|Any CPU = Debug|Any CPU
		Debug|x64 = Debug|x64
		Debug|x86 = Debug|x86
		Release|Any CPU = Release|Any CPU
		Release|x64 = Release|x64
		Release|x86 = Release|x86
	EndGlobalSection
	GlobalSection(ProjectConfigurationPlatforms) = postSolution
		{6D04100C-8694-4440-AC91-4DE5B5498206}.Debug|Any CPU.ActiveCfg = Debug|Any CPU
		{6D04100C-8694-4440-AC91-4DE5B5498206}.Debug|Any CPU.Build.0 = Debug|Any CPU
		{6D04100C-8694-4440-AC91-4DE5B5498206}.Debug|x64.ActiveCfg = Debug|Any CPU
		{6D04100C-8694-4440-AC91-4DE5B5498206}.Debug|x64.Build.0 = Debug|Any CPU
		{6D04100C-8694-4440-AC91-4DE5B5498206}.Debug|x86.ActiveCfg = Debug|Any CPU
		{6D04100C-8694-4440-AC91-4DE5B5498206}.Debug|x86.Build.0 = Debug|Any CPU
		{6D04100C-8694-4440-AC91-4DE5B5498206}.Release|Any CPU.ActiveCfg = Release|Any CPU
		{6D04100C-8694-4440-AC91-4DE5B5498206}.Release|Any CPU.Build.0 = Release|Any CPU
		{6D04100C-8694-4440-AC91-4DE5B5498206}.Release|x64.ActiveCfg = Release|Any CPU
		{6D04100C-8694-4440-AC91-4DE5B5498206}.Release|x64.Build.0 = Release|Any CPU
		{6D04100C-8694-4440-AC91-4DE5B5498206}.Release|x86.ActiveCfg = Release|Any CPU
		{6D04100C-8694-4440-AC91-4DE5B5498206}.Release|x86.Build.0 = Release|Any CPU
		{E553D54F-7E11-44A5-991C-E31DE812447E}.Debug|Any CPU.ActiveCfg = Debug|Any CPU
		{E553D54F-7E11-44A5-991C-E31DE812447E}.Debug|Any CPU.Build.0 = Debug|Any CPU
		{E553D54F-7E11-44A5-991C-E31DE812447E}.Debug|x64.ActiveCfg = Debug|Any CPU
		{E553D54F-7E11-44A5-991C-E31DE812447E}.Debug|x64.Build.0 = Debug|Any CPU
		{E553D54F-7E11-44A5-991C-E31DE812447E}.Debug|x86.ActiveCfg = Debug|Any CPU
		{E553D54F-7E11-44A5-991C-E31DE812447E}.Debug|x86.Build.0 = Debug|Any CPU
		{E553D54F-7E11-44A5-991C-E31DE812447E}.Release|Any CPU.ActiveCfg = Release|Any CPU
		{E553D54F-7E11-44A5-991C-E31DE812447E}.Release|Any CPU.Build.0 = Release|Any CPU
		{E553D54F-7E11-44A5-991C-E31DE812447E}.Release|x64.ActiveCfg = Release|Any CPU
		{E553D54F-7E11-44A5-991C-E31DE812447E}.Release|x64.Build.0 = Release|Any CPU
		{E553D54F-7E11-44A5-991C-E31DE812447E}.Release|x86.ActiveCfg = Release|Any CPU
		{E553D54F-7E11-44A5-991C-E31DE812447E}.Release|x86.Build.0 = Release|Any CPU
		{C6A82A5B-A3F4-44DE-B5B8-6AB576E5D7A9}.Debug|Any CPU.ActiveCfg = Debug|Any CPU
		{C6A82A5B-A3F4-44DE-B5B8-6AB576E5D7A9}.Debug|Any CPU.Build.0 = Debug|Any CPU
		{C6A82A5B-A3F4-44DE-B5B8-6AB576E5D7A9}.Debug|x64.ActiveCfg = Debug|Any CPU
		{C6A82A5B-A3F4-44DE-B5B8-6AB576E5D7A9}.Debug|x64.Build.0 = Debug|Any CPU
		{C6A82A5B-A3F4-44DE-B5B8-6AB576E5D7A9}.Debug|x86.ActiveCfg = Debug|Any CPU
		{C6A82A5B-A3F4-44DE-B5B8-6AB576E5D7A9}.Debug|x86.Build.0 = Debug|Any CPU
		{C6A82A5B-A3F4-44DE-B5B8-6AB576E5D7A9}.Release|Any CPU.ActiveCfg = Release|Any CPU
		{C6A82A5B-A3F4-44DE-B5B8-6AB576E5D7A9}.Release|Any CPU.Build.0 = Release|Any CPU
		{C6A82A5B-A3F4-44DE-B5B8-6AB576E5D7A9}.Release|x64.ActiveCfg = Release|Any CPU
		{C6A82A5B-A3F4-44DE-B5B8-6AB576E5D7A9}.Release|x64.Build.0 = Release|Any CPU
		{C6A82A5B-A3F4-44DE-B5B8-6AB576E5D7A9}.Release|x86.ActiveCfg = Release|Any CPU
		{C6A82A5B-A3F4-44DE-B5B8-6AB576E5D7A9}.Release|x86.Build.0 = Release|Any CPU
		{24AA2AD0-4618-4412-B170-0C43768972C0}.Debug|Any CPU.ActiveCfg = Debug|Any CPU
		{24AA2AD0-4618-4412-B170-0C43768972C0}.Debug|Any CPU.Build.0 = Debug|Any CPU
		{24AA2AD0-4618-4412-B170-0C43768972C0}.Debug|x64.ActiveCfg = Debug|Any CPU
		{24AA2AD0-4618-4412-B170-0C43768972C0}.Debug|x64.Build.0 = Debug|Any CPU
		{24AA2AD0-4618-4412-B170-0C43768972C0}.Debug|x86.ActiveCfg = Debug|Any CPU
		{24AA2AD0-4618-4412-B170-0C43768972C0}.Debug|x86.Build.0 = Debug|Any CPU
		{24AA2AD0-4618-4412-B170-0C43768972C0}.Release|Any CPU.ActiveCfg = Release|Any CPU
		{24AA2AD0-4618-4412-B170-0C43768972C0}.Release|Any CPU.Build.0 = Release|Any CPU
		{24AA2AD0-4618-4412-B170-0C43768972C0}.Release|x64.ActiveCfg = Release|Any CPU
		{24AA2AD0-4618-4412-B170-0C43768972C0}.Release|x64.Build.0 = Release|Any CPU
		{24AA2AD0-4618-4412-B170-0C43768972C0}.Release|x86.ActiveCfg = Release|Any CPU
		{24AA2AD0-4618-4412-B170-0C43768972C0}.Release|x86.Build.0 = Release|Any CPU
		{6C3F5B8D-2E3B-4AFE-8EF6-3324442CA20E}.Debug|Any CPU.ActiveCfg = Debug|Any CPU
		{6C3F5B8D-2E3B-4AFE-8EF6-3324442CA20E}.Debug|Any CPU.Build.0 = Debug|Any CPU
		{6C3F5B8D-2E3B-4AFE-8EF6-3324442CA20E}.Debug|x64.ActiveCfg = Debug|Any CPU
		{6C3F5B8D-2E3B-4AFE-8EF6-3324442CA20E}.Debug|x64.Build.0 = Debug|Any CPU
		{6C3F5B8D-2E3B-4AFE-8EF6-3324442CA20E}.Debug|x86.ActiveCfg = Debug|Any CPU
		{6C3F5B8D-2E3B-4AFE-8EF6-3324442CA20E}.Debug|x86.Build.0 = Debug|Any CPU
		{6C3F5B8D-2E3B-4AFE-8EF6-3324442CA20E}.Release|Any CPU.ActiveCfg = Release|Any CPU
		{6C3F5B8D-2E3B-4AFE-8EF6-3324442CA20E}.Release|Any CPU.Build.0 = Release|Any CPU
		{6C3F5B8D-2E3B-4AFE-8EF6-3324442CA20E}.Release|x64.ActiveCfg = Release|Any CPU
		{6C3F5B8D-2E3B-4AFE-8EF6-3324442CA20E}.Release|x64.Build.0 = Release|Any CPU
		{6C3F5B8D-2E3B-4AFE-8EF6-3324442CA20E}.Release|x86.ActiveCfg = Release|Any CPU
		{6C3F5B8D-2E3B-4AFE-8EF6-3324442CA20E}.Release|x86.Build.0 = Release|Any CPU
		{DE28C2E9-C1E6-405B-B9C7-0627D493E324}.Debug|Any CPU.ActiveCfg = Debug|Any CPU
		{DE28C2E9-C1E6-405B-B9C7-0627D493E324}.Debug|Any CPU.Build.0 = Debug|Any CPU
		{DE28C2E9-C1E6-405B-B9C7-0627D493E324}.Debug|x64.ActiveCfg = Debug|Any CPU
		{DE28C2E9-C1E6-405B-B9C7-0627D493E324}.Debug|x64.Build.0 = Debug|Any CPU
		{DE28C2E9-C1E6-405B-B9C7-0627D493E324}.Debug|x86.ActiveCfg = Debug|Any CPU
		{DE28C2E9-C1E6-405B-B9C7-0627D493E324}.Debug|x86.Build.0 = Debug|Any CPU
		{DE28C2E9-C1E6-405B-B9C7-0627D493E324}.Release|Any CPU.ActiveCfg = Release|Any CPU
		{DE28C2E9-C1E6-405B-B9C7-0627D493E324}.Release|Any CPU.Build.0 = Release|Any CPU
		{DE28C2E9-C1E6-405B-B9C7-0627D493E324}.Release|x64.ActiveCfg = Release|Any CPU
		{DE28C2E9-C1E6-405B-B9C7-0627D493E324}.Release|x64.Build.0 = Release|Any CPU
		{DE28C2E9-C1E6-405B-B9C7-0627D493E324}.Release|x86.ActiveCfg = Release|Any CPU
		{DE28C2E9-C1E6-405B-B9C7-0627D493E324}.Release|x86.Build.0 = Release|Any CPU
		{C92B33D8-0C07-455B-80F0-D4D5075CA9E8}.Debug|Any CPU.ActiveCfg = Debug|Any CPU
		{C92B33D8-0C07-455B-80F0-D4D5075CA9E8}.Debug|Any CPU.Build.0 = Debug|Any CPU
		{C92B33D8-0C07-455B-80F0-D4D5075CA9E8}.Debug|x64.ActiveCfg = Debug|Any CPU
		{C92B33D8-0C07-455B-80F0-D4D5075CA9E8}.Debug|x64.Build.0 = Debug|Any CPU
		{C92B33D8-0C07-455B-80F0-D4D5075CA9E8}.Debug|x86.ActiveCfg = Debug|Any CPU
		{C92B33D8-0C07-455B-80F0-D4D5075CA9E8}.Debug|x86.Build.0 = Debug|Any CPU
		{C92B33D8-0C07-455B-80F0-D4D5075CA9E8}.Release|Any CPU.ActiveCfg = Release|Any CPU
		{C92B33D8-0C07-455B-80F0-D4D5075CA9E8}.Release|Any CPU.Build.0 = Release|Any CPU
		{C92B33D8-0C07-455B-80F0-D4D5075CA9E8}.Release|x64.ActiveCfg = Release|Any CPU
		{C92B33D8-0C07-455B-80F0-D4D5075CA9E8}.Release|x64.Build.0 = Release|Any CPU
		{C92B33D8-0C07-455B-80F0-D4D5075CA9E8}.Release|x86.ActiveCfg = Release|Any CPU
		{C92B33D8-0C07-455B-80F0-D4D5075CA9E8}.Release|x86.Build.0 = Release|Any CPU
		{2CC6F658-E2BB-4347-9EA1-9A0788D3B6FE}.Debug|Any CPU.ActiveCfg = Debug|Any CPU
		{2CC6F658-E2BB-4347-9EA1-9A0788D3B6FE}.Debug|Any CPU.Build.0 = Debug|Any CPU
		{2CC6F658-E2BB-4347-9EA1-9A0788D3B6FE}.Debug|x64.ActiveCfg = Debug|Any CPU
		{2CC6F658-E2BB-4347-9EA1-9A0788D3B6FE}.Debug|x64.Build.0 = Debug|Any CPU
		{2CC6F658-E2BB-4347-9EA1-9A0788D3B6FE}.Debug|x86.ActiveCfg = Debug|Any CPU
		{2CC6F658-E2BB-4347-9EA1-9A0788D3B6FE}.Debug|x86.Build.0 = Debug|Any CPU
		{2CC6F658-E2BB-4347-9EA1-9A0788D3B6FE}.Release|Any CPU.ActiveCfg = Release|Any CPU
		{2CC6F658-E2BB-4347-9EA1-9A0788D3B6FE}.Release|Any CPU.Build.0 = Release|Any CPU
		{2CC6F658-E2BB-4347-9EA1-9A0788D3B6FE}.Release|x64.ActiveCfg = Release|Any CPU
		{2CC6F658-E2BB-4347-9EA1-9A0788D3B6FE}.Release|x64.Build.0 = Release|Any CPU
		{2CC6F658-E2BB-4347-9EA1-9A0788D3B6FE}.Release|x86.ActiveCfg = Release|Any CPU
		{2CC6F658-E2BB-4347-9EA1-9A0788D3B6FE}.Release|x86.Build.0 = Release|Any CPU
		{451FF6C9-40E9-400C-BE7A-606927CEF597}.Debug|Any CPU.ActiveCfg = Debug|Any CPU
		{451FF6C9-40E9-400C-BE7A-606927CEF597}.Debug|Any CPU.Build.0 = Debug|Any CPU
		{451FF6C9-40E9-400C-BE7A-606927CEF597}.Debug|x64.ActiveCfg = Debug|Any CPU
		{451FF6C9-40E9-400C-BE7A-606927CEF597}.Debug|x64.Build.0 = Debug|Any CPU
		{451FF6C9-40E9-400C-BE7A-606927CEF597}.Debug|x86.ActiveCfg = Debug|Any CPU
		{451FF6C9-40E9-400C-BE7A-606927CEF597}.Debug|x86.Build.0 = Debug|Any CPU
		{451FF6C9-40E9-400C-BE7A-606927CEF597}.Release|Any CPU.ActiveCfg = Release|Any CPU
		{451FF6C9-40E9-400C-BE7A-606927CEF597}.Release|Any CPU.Build.0 = Release|Any CPU
		{451FF6C9-40E9-400C-BE7A-606927CEF597}.Release|x64.ActiveCfg = Release|Any CPU
		{451FF6C9-40E9-400C-BE7A-606927CEF597}.Release|x64.Build.0 = Release|Any CPU
		{451FF6C9-40E9-400C-BE7A-606927CEF597}.Release|x86.ActiveCfg = Release|Any CPU
		{451FF6C9-40E9-400C-BE7A-606927CEF597}.Release|x86.Build.0 = Release|Any CPU
		{4A62F769-DEEF-4F51-A603-1C2691650C1C}.Debug|Any CPU.ActiveCfg = Debug|Any CPU
		{4A62F769-DEEF-4F51-A603-1C2691650C1C}.Debug|Any CPU.Build.0 = Debug|Any CPU
		{4A62F769-DEEF-4F51-A603-1C2691650C1C}.Debug|x64.ActiveCfg = Debug|Any CPU
		{4A62F769-DEEF-4F51-A603-1C2691650C1C}.Debug|x64.Build.0 = Debug|Any CPU
		{4A62F769-DEEF-4F51-A603-1C2691650C1C}.Debug|x86.ActiveCfg = Debug|Any CPU
		{4A62F769-DEEF-4F51-A603-1C2691650C1C}.Debug|x86.Build.0 = Debug|Any CPU
		{4A62F769-DEEF-4F51-A603-1C2691650C1C}.Release|Any CPU.ActiveCfg = Release|Any CPU
		{4A62F769-DEEF-4F51-A603-1C2691650C1C}.Release|Any CPU.Build.0 = Release|Any CPU
		{4A62F769-DEEF-4F51-A603-1C2691650C1C}.Release|x64.ActiveCfg = Release|Any CPU
		{4A62F769-DEEF-4F51-A603-1C2691650C1C}.Release|x64.Build.0 = Release|Any CPU
		{4A62F769-DEEF-4F51-A603-1C2691650C1C}.Release|x86.ActiveCfg = Release|Any CPU
		{4A62F769-DEEF-4F51-A603-1C2691650C1C}.Release|x86.Build.0 = Release|Any CPU
		{1BDE8672-AF23-44C6-B76E-57C8494AEBA7}.Debug|Any CPU.ActiveCfg = Debug|Any CPU
		{1BDE8672-AF23-44C6-B76E-57C8494AEBA7}.Debug|Any CPU.Build.0 = Debug|Any CPU
		{1BDE8672-AF23-44C6-B76E-57C8494AEBA7}.Debug|x64.ActiveCfg = Debug|Any CPU
		{1BDE8672-AF23-44C6-B76E-57C8494AEBA7}.Debug|x64.Build.0 = Debug|Any CPU
		{1BDE8672-AF23-44C6-B76E-57C8494AEBA7}.Debug|x86.ActiveCfg = Debug|Any CPU
		{1BDE8672-AF23-44C6-B76E-57C8494AEBA7}.Debug|x86.Build.0 = Debug|Any CPU
		{1BDE8672-AF23-44C6-B76E-57C8494AEBA7}.Release|Any CPU.ActiveCfg = Release|Any CPU
		{1BDE8672-AF23-44C6-B76E-57C8494AEBA7}.Release|Any CPU.Build.0 = Release|Any CPU
		{1BDE8672-AF23-44C6-B76E-57C8494AEBA7}.Release|x64.ActiveCfg = Release|Any CPU
		{1BDE8672-AF23-44C6-B76E-57C8494AEBA7}.Release|x64.Build.0 = Release|Any CPU
		{1BDE8672-AF23-44C6-B76E-57C8494AEBA7}.Release|x86.ActiveCfg = Release|Any CPU
		{1BDE8672-AF23-44C6-B76E-57C8494AEBA7}.Release|x86.Build.0 = Release|Any CPU
		{EEBF005F-BB7A-4CF5-B733-7D0B1DD7FC1E}.Debug|Any CPU.ActiveCfg = Debug|Any CPU
		{EEBF005F-BB7A-4CF5-B733-7D0B1DD7FC1E}.Debug|Any CPU.Build.0 = Debug|Any CPU
		{EEBF005F-BB7A-4CF5-B733-7D0B1DD7FC1E}.Debug|x64.ActiveCfg = Debug|Any CPU
		{EEBF005F-BB7A-4CF5-B733-7D0B1DD7FC1E}.Debug|x64.Build.0 = Debug|Any CPU
		{EEBF005F-BB7A-4CF5-B733-7D0B1DD7FC1E}.Debug|x86.ActiveCfg = Debug|Any CPU
		{EEBF005F-BB7A-4CF5-B733-7D0B1DD7FC1E}.Debug|x86.Build.0 = Debug|Any CPU
		{EEBF005F-BB7A-4CF5-B733-7D0B1DD7FC1E}.Release|Any CPU.ActiveCfg = Release|Any CPU
		{EEBF005F-BB7A-4CF5-B733-7D0B1DD7FC1E}.Release|Any CPU.Build.0 = Release|Any CPU
		{EEBF005F-BB7A-4CF5-B733-7D0B1DD7FC1E}.Release|x64.ActiveCfg = Release|Any CPU
		{EEBF005F-BB7A-4CF5-B733-7D0B1DD7FC1E}.Release|x64.Build.0 = Release|Any CPU
		{EEBF005F-BB7A-4CF5-B733-7D0B1DD7FC1E}.Release|x86.ActiveCfg = Release|Any CPU
		{EEBF005F-BB7A-4CF5-B733-7D0B1DD7FC1E}.Release|x86.Build.0 = Release|Any CPU
		{F443E48E-A161-4E5A-8DE8-FBCC2A457F4E}.Debug|Any CPU.ActiveCfg = Debug|Any CPU
		{F443E48E-A161-4E5A-8DE8-FBCC2A457F4E}.Debug|Any CPU.Build.0 = Debug|Any CPU
		{F443E48E-A161-4E5A-8DE8-FBCC2A457F4E}.Debug|x64.ActiveCfg = Debug|Any CPU
		{F443E48E-A161-4E5A-8DE8-FBCC2A457F4E}.Debug|x64.Build.0 = Debug|Any CPU
		{F443E48E-A161-4E5A-8DE8-FBCC2A457F4E}.Debug|x86.ActiveCfg = Debug|Any CPU
		{F443E48E-A161-4E5A-8DE8-FBCC2A457F4E}.Debug|x86.Build.0 = Debug|Any CPU
		{F443E48E-A161-4E5A-8DE8-FBCC2A457F4E}.Release|Any CPU.ActiveCfg = Release|Any CPU
		{F443E48E-A161-4E5A-8DE8-FBCC2A457F4E}.Release|Any CPU.Build.0 = Release|Any CPU
		{F443E48E-A161-4E5A-8DE8-FBCC2A457F4E}.Release|x64.ActiveCfg = Release|Any CPU
		{F443E48E-A161-4E5A-8DE8-FBCC2A457F4E}.Release|x64.Build.0 = Release|Any CPU
		{F443E48E-A161-4E5A-8DE8-FBCC2A457F4E}.Release|x86.ActiveCfg = Release|Any CPU
		{F443E48E-A161-4E5A-8DE8-FBCC2A457F4E}.Release|x86.Build.0 = Release|Any CPU
		{77A5D3AB-3DE4-43E9-A5F0-B8CD87395DD0}.Debug|Any CPU.ActiveCfg = Debug|Any CPU
		{77A5D3AB-3DE4-43E9-A5F0-B8CD87395DD0}.Debug|Any CPU.Build.0 = Debug|Any CPU
		{77A5D3AB-3DE4-43E9-A5F0-B8CD87395DD0}.Debug|x64.ActiveCfg = Debug|Any CPU
		{77A5D3AB-3DE4-43E9-A5F0-B8CD87395DD0}.Debug|x64.Build.0 = Debug|Any CPU
		{77A5D3AB-3DE4-43E9-A5F0-B8CD87395DD0}.Debug|x86.ActiveCfg = Debug|Any CPU
		{77A5D3AB-3DE4-43E9-A5F0-B8CD87395DD0}.Debug|x86.Build.0 = Debug|Any CPU
		{77A5D3AB-3DE4-43E9-A5F0-B8CD87395DD0}.Release|Any CPU.ActiveCfg = Release|Any CPU
		{77A5D3AB-3DE4-43E9-A5F0-B8CD87395DD0}.Release|Any CPU.Build.0 = Release|Any CPU
		{77A5D3AB-3DE4-43E9-A5F0-B8CD87395DD0}.Release|x64.ActiveCfg = Release|Any CPU
		{77A5D3AB-3DE4-43E9-A5F0-B8CD87395DD0}.Release|x64.Build.0 = Release|Any CPU
		{77A5D3AB-3DE4-43E9-A5F0-B8CD87395DD0}.Release|x86.ActiveCfg = Release|Any CPU
		{77A5D3AB-3DE4-43E9-A5F0-B8CD87395DD0}.Release|x86.Build.0 = Release|Any CPU
		{4B386E74-EDB7-428A-AB64-90EDBC2F1600}.Debug|Any CPU.ActiveCfg = Debug|Any CPU
		{4B386E74-EDB7-428A-AB64-90EDBC2F1600}.Debug|Any CPU.Build.0 = Debug|Any CPU
		{4B386E74-EDB7-428A-AB64-90EDBC2F1600}.Debug|x64.ActiveCfg = Debug|Any CPU
		{4B386E74-EDB7-428A-AB64-90EDBC2F1600}.Debug|x64.Build.0 = Debug|Any CPU
		{4B386E74-EDB7-428A-AB64-90EDBC2F1600}.Debug|x86.ActiveCfg = Debug|Any CPU
		{4B386E74-EDB7-428A-AB64-90EDBC2F1600}.Debug|x86.Build.0 = Debug|Any CPU
		{4B386E74-EDB7-428A-AB64-90EDBC2F1600}.Release|Any CPU.ActiveCfg = Release|Any CPU
		{4B386E74-EDB7-428A-AB64-90EDBC2F1600}.Release|Any CPU.Build.0 = Release|Any CPU
		{4B386E74-EDB7-428A-AB64-90EDBC2F1600}.Release|x64.ActiveCfg = Release|Any CPU
		{4B386E74-EDB7-428A-AB64-90EDBC2F1600}.Release|x64.Build.0 = Release|Any CPU
		{4B386E74-EDB7-428A-AB64-90EDBC2F1600}.Release|x86.ActiveCfg = Release|Any CPU
		{4B386E74-EDB7-428A-AB64-90EDBC2F1600}.Release|x86.Build.0 = Release|Any CPU
		{E3257736-77D0-440D-9E95-F948CE24CF9A}.Debug|Any CPU.ActiveCfg = Debug|Any CPU
		{E3257736-77D0-440D-9E95-F948CE24CF9A}.Debug|Any CPU.Build.0 = Debug|Any CPU
		{E3257736-77D0-440D-9E95-F948CE24CF9A}.Debug|x64.ActiveCfg = Debug|Any CPU
		{E3257736-77D0-440D-9E95-F948CE24CF9A}.Debug|x64.Build.0 = Debug|Any CPU
		{E3257736-77D0-440D-9E95-F948CE24CF9A}.Debug|x86.ActiveCfg = Debug|Any CPU
		{E3257736-77D0-440D-9E95-F948CE24CF9A}.Debug|x86.Build.0 = Debug|Any CPU
		{E3257736-77D0-440D-9E95-F948CE24CF9A}.Release|Any CPU.ActiveCfg = Release|Any CPU
		{E3257736-77D0-440D-9E95-F948CE24CF9A}.Release|Any CPU.Build.0 = Release|Any CPU
		{E3257736-77D0-440D-9E95-F948CE24CF9A}.Release|x64.ActiveCfg = Release|Any CPU
		{E3257736-77D0-440D-9E95-F948CE24CF9A}.Release|x64.Build.0 = Release|Any CPU
		{E3257736-77D0-440D-9E95-F948CE24CF9A}.Release|x86.ActiveCfg = Release|Any CPU
		{E3257736-77D0-440D-9E95-F948CE24CF9A}.Release|x86.Build.0 = Release|Any CPU
		{F23B4ED8-35F3-4782-BF70-7C07716F20C9}.Debug|Any CPU.ActiveCfg = Debug|Any CPU
		{F23B4ED8-35F3-4782-BF70-7C07716F20C9}.Debug|Any CPU.Build.0 = Debug|Any CPU
		{F23B4ED8-35F3-4782-BF70-7C07716F20C9}.Debug|x64.ActiveCfg = Debug|Any CPU
		{F23B4ED8-35F3-4782-BF70-7C07716F20C9}.Debug|x64.Build.0 = Debug|Any CPU
		{F23B4ED8-35F3-4782-BF70-7C07716F20C9}.Debug|x86.ActiveCfg = Debug|Any CPU
		{F23B4ED8-35F3-4782-BF70-7C07716F20C9}.Debug|x86.Build.0 = Debug|Any CPU
		{F23B4ED8-35F3-4782-BF70-7C07716F20C9}.Release|Any CPU.ActiveCfg = Release|Any CPU
		{F23B4ED8-35F3-4782-BF70-7C07716F20C9}.Release|Any CPU.Build.0 = Release|Any CPU
		{F23B4ED8-35F3-4782-BF70-7C07716F20C9}.Release|x64.ActiveCfg = Release|Any CPU
		{F23B4ED8-35F3-4782-BF70-7C07716F20C9}.Release|x64.Build.0 = Release|Any CPU
		{F23B4ED8-35F3-4782-BF70-7C07716F20C9}.Release|x86.ActiveCfg = Release|Any CPU
		{F23B4ED8-35F3-4782-BF70-7C07716F20C9}.Release|x86.Build.0 = Release|Any CPU
	EndGlobalSection
	GlobalSection(SolutionProperties) = preSolution
		HideSolutionNode = FALSE
	EndGlobalSection
	GlobalSection(NestedProjects) = preSolution
		{90298CBA-BD6F-3A0A-69D5-97CAD7B05E7E} = {827E0CD3-B72D-47B6-A68D-7590B98EB39B}
		{6D04100C-8694-4440-AC91-4DE5B5498206} = {90298CBA-BD6F-3A0A-69D5-97CAD7B05E7E}
		{E553D54F-7E11-44A5-991C-E31DE812447E} = {90298CBA-BD6F-3A0A-69D5-97CAD7B05E7E}
		{984BB9B3-3FA3-BE33-9484-CAC21695A33C} = {827E0CD3-B72D-47B6-A68D-7590B98EB39B}
		{1BFC9479-12BF-35C3-06B8-42D89D95092B} = {984BB9B3-3FA3-BE33-9484-CAC21695A33C}
		{C6A82A5B-A3F4-44DE-B5B8-6AB576E5D7A9} = {1BFC9479-12BF-35C3-06B8-42D89D95092B}
		{24AA2AD0-4618-4412-B170-0C43768972C0} = {1BFC9479-12BF-35C3-06B8-42D89D95092B}
		{6C3F5B8D-2E3B-4AFE-8EF6-3324442CA20E} = {1BFC9479-12BF-35C3-06B8-42D89D95092B}
		{FFEC2FCF-C47D-453C-630A-67CF8E959032} = {984BB9B3-3FA3-BE33-9484-CAC21695A33C}
		{DE28C2E9-C1E6-405B-B9C7-0627D493E324} = {FFEC2FCF-C47D-453C-630A-67CF8E959032}
		{C92B33D8-0C07-455B-80F0-D4D5075CA9E8} = {FFEC2FCF-C47D-453C-630A-67CF8E959032}
		{2CC6F658-E2BB-4347-9EA1-9A0788D3B6FE} = {FFEC2FCF-C47D-453C-630A-67CF8E959032}
		{4512AC83-7080-6629-2C6B-6B21B1E41623} = {984BB9B3-3FA3-BE33-9484-CAC21695A33C}
		{451FF6C9-40E9-400C-BE7A-606927CEF597} = {4512AC83-7080-6629-2C6B-6B21B1E41623}
		{4A62F769-DEEF-4F51-A603-1C2691650C1C} = {4512AC83-7080-6629-2C6B-6B21B1E41623}
		{1BDE8672-AF23-44C6-B76E-57C8494AEBA7} = {4512AC83-7080-6629-2C6B-6B21B1E41623}
		{507033E2-30B5-6065-8855-1D7ECC4CD09A} = {984BB9B3-3FA3-BE33-9484-CAC21695A33C}
		{EEBF005F-BB7A-4CF5-B733-7D0B1DD7FC1E} = {507033E2-30B5-6065-8855-1D7ECC4CD09A}
		{F443E48E-A161-4E5A-8DE8-FBCC2A457F4E} = {507033E2-30B5-6065-8855-1D7ECC4CD09A}
		{77A5D3AB-3DE4-43E9-A5F0-B8CD87395DD0} = {507033E2-30B5-6065-8855-1D7ECC4CD09A}
		{A1B2C3D4-E5F6-7890-ABCD-EF1234567890} = {827E0CD3-B72D-47B6-A68D-7590B98EB39B}
		{4B386E74-EDB7-428A-AB64-90EDBC2F1600} = {A1B2C3D4-E5F6-7890-ABCD-EF1234567890}
		{B2C3D4E5-F6A7-8901-BCDE-F12345678901} = {827E0CD3-B72D-47B6-A68D-7590B98EB39B}
		{E3257736-77D0-440D-9E95-F948CE24CF9A} = {B2C3D4E5-F6A7-8901-BCDE-F12345678901}
		{F23B4ED8-35F3-4782-BF70-7C07716F20C9} = {C3D4E5F6-A7B8-9012-CDEF-123456789012}
	EndGlobalSection
EndGlobal
